
Microsoft Visual Studio Solution File, Format Version 12.00
# Visual Studio Version 16
VisualStudioVersion = 16.0.31205.134
MinimumVisualStudioVersion = 10.0.40219.1
Project("{00D1A9C2-B5F0-4AF3-8072-F6C62B433612}") = "Examen01_DB", "Examen01_DB\Examen01_DB.sqlproj", "{6DF78A58-40A1-43E6-B6F4-650F8BD8C485}"
EndProject
Project("{2150E333-8FDC-42A3-9474-1A3956D46DE8}") = "src", "src", "{C27FE744-FE4A-40FA-8D3E-3F580229D6E3}"
EndProject
Project("{9A19103F-16F7-4668-BE54-9A1E7A4F7556}") = "Examen01_B93082.Server", "src\Server\Examen01_B93082.Server.csproj", "{BCD8AE47-5904-47EB-AA02-AB950431D578}"
EndProject
Project("{9A19103F-16F7-4668-BE54-9A1E7A4F7556}") = "Examen01_B93082.Domain", "src\Domain\Examen01_B93082.Domain.csproj", "{E34E07A4-CE60-4373-B9FE-EBD26EE1085F}"
EndProject
Project("{9A19103F-16F7-4668-BE54-9A1E7A4F7556}") = "Examen01_B93082.Application", "src\Application\Examen01_B93082.Application.csproj", "{25CCD4F2-39F4-4234-AC70-96AA94E5A81E}"
EndProject
Project("{9A19103F-16F7-4668-BE54-9A1E7A4F7556}") = "Examen01_B93082.Infrastructure", "src\Infrastructure\Examen01_B93082.Infrastructure.csproj", "{EBDDEAC1-D527-41D8-BF39-0DBE5DC78FA0}"
EndProject
Project("{9A19103F-16F7-4668-BE54-9A1E7A4F7556}") = "Examen01_B93082.Presentation", "src\Presentation\Examen01_B93082.Presentation.csproj", "{BCE47AA0-F4C0-43E4-92F7-6D3414B6D78A}"
EndProject
Project("{2150E333-8FDC-42A3-9474-1A3956D46DE8}") = "tests", "tests", "{CE28526F-250A-407C-8735-0544346C8BA1}"
EndProject
Project("{9A19103F-16F7-4668-BE54-9A1E7A4F7556}") = "Examen01_B93082.UnitTests", "tests\UnitTests\Examen01_B93082.UnitTests.csproj", "{AE51780B-FBFC-42F4-9EC0-1CB8DCFDCFCF}"
EndProject
Project("{9A19103F-16F7-4668-BE54-9A1E7A4F7556}") = "Examen01_B93082.IntegrationTests", "tests\IntegrationTests\Examen01_B93082.IntegrationTests.csproj", "{E2EDDD40-C668-42C2-8581-4F03D83B2204}"
EndProject
Global
	GlobalSection(SolutionConfigurationPlatforms) = preSolution
		Debug|Any CPU = Debug|Any CPU
		Release|Any CPU = Release|Any CPU
	EndGlobalSection
	GlobalSection(ProjectConfigurationPlatforms) = postSolution
		{6DF78A58-40A1-43E6-B6F4-650F8BD8C485}.Debug|Any CPU.ActiveCfg = Debug|Any CPU
		{6DF78A58-40A1-43E6-B6F4-650F8BD8C485}.Debug|Any CPU.Build.0 = Debug|Any CPU
		{6DF78A58-40A1-43E6-B6F4-650F8BD8C485}.Debug|Any CPU.Deploy.0 = Debug|Any CPU
		{6DF78A58-40A1-43E6-B6F4-650F8BD8C485}.Release|Any CPU.ActiveCfg = Release|Any CPU
		{6DF78A58-40A1-43E6-B6F4-650F8BD8C485}.Release|Any CPU.Build.0 = Release|Any CPU
		{6DF78A58-40A1-43E6-B6F4-650F8BD8C485}.Release|Any CPU.Deploy.0 = Release|Any CPU
		{BCD8AE47-5904-47EB-AA02-AB950431D578}.Debug|Any CPU.ActiveCfg = Debug|Any CPU
		{BCD8AE47-5904-47EB-AA02-AB950431D578}.Debug|Any CPU.Build.0 = Debug|Any CPU
		{BCD8AE47-5904-47EB-AA02-AB950431D578}.Release|Any CPU.ActiveCfg = Release|Any CPU
		{BCD8AE47-5904-47EB-AA02-AB950431D578}.Release|Any CPU.Build.0 = Release|Any CPU
		{E34E07A4-CE60-4373-B9FE-EBD26EE1085F}.Debug|Any CPU.ActiveCfg = Debug|Any CPU
		{E34E07A4-CE60-4373-B9FE-EBD26EE1085F}.Debug|Any CPU.Build.0 = Debug|Any CPU
		{E34E07A4-CE60-4373-B9FE-EBD26EE1085F}.Release|Any CPU.ActiveCfg = Release|Any CPU
		{E34E07A4-CE60-4373-B9FE-EBD26EE1085F}.Release|Any CPU.Build.0 = Release|Any CPU
		{25CCD4F2-39F4-4234-AC70-96AA94E5A81E}.Debug|Any CPU.ActiveCfg = Debug|Any CPU
		{25CCD4F2-39F4-4234-AC70-96AA94E5A81E}.Debug|Any CPU.Build.0 = Debug|Any CPU
		{25CCD4F2-39F4-4234-AC70-96AA94E5A81E}.Release|Any CPU.ActiveCfg = Release|Any CPU
		{25CCD4F2-39F4-4234-AC70-96AA94E5A81E}.Release|Any CPU.Build.0 = Release|Any CPU
		{EBDDEAC1-D527-41D8-BF39-0DBE5DC78FA0}.Debug|Any CPU.ActiveCfg = Debug|Any CPU
		{EBDDEAC1-D527-41D8-BF39-0DBE5DC78FA0}.Debug|Any CPU.Build.0 = Debug|Any CPU
		{EBDDEAC1-D527-41D8-BF39-0DBE5DC78FA0}.Release|Any CPU.ActiveCfg = Release|Any CPU
		{EBDDEAC1-D527-41D8-BF39-0DBE5DC78FA0}.Release|Any CPU.Build.0 = Release|Any CPU
		{BCE47AA0-F4C0-43E4-92F7-6D3414B6D78A}.Debug|Any CPU.ActiveCfg = Debug|Any CPU
		{BCE47AA0-F4C0-43E4-92F7-6D3414B6D78A}.Debug|Any CPU.Build.0 = Debug|Any CPU
		{BCE47AA0-F4C0-43E4-92F7-6D3414B6D78A}.Release|Any CPU.ActiveCfg = Release|Any CPU
		{BCE47AA0-F4C0-43E4-92F7-6D3414B6D78A}.Release|Any CPU.Build.0 = Release|Any CPU
		{AE51780B-FBFC-42F4-9EC0-1CB8DCFDCFCF}.Debug|Any CPU.ActiveCfg = Debug|Any CPU
		{AE51780B-FBFC-42F4-9EC0-1CB8DCFDCFCF}.Debug|Any CPU.Build.0 = Debug|Any CPU
		{AE51780B-FBFC-42F4-9EC0-1CB8DCFDCFCF}.Release|Any CPU.ActiveCfg = Release|Any CPU
		{AE51780B-FBFC-42F4-9EC0-1CB8DCFDCFCF}.Release|Any CPU.Build.0 = Release|Any CPU
		{E2EDDD40-C668-42C2-8581-4F03D83B2204}.Debug|Any CPU.ActiveCfg = Debug|Any CPU
		{E2EDDD40-C668-42C2-8581-4F03D83B2204}.Debug|Any CPU.Build.0 = Debug|Any CPU
		{E2EDDD40-C668-42C2-8581-4F03D83B2204}.Release|Any CPU.ActiveCfg = Release|Any CPU
		{E2EDDD40-C668-42C2-8581-4F03D83B2204}.Release|Any CPU.Build.0 = Release|Any CPU
	EndGlobalSection
	GlobalSection(SolutionProperties) = preSolution
		HideSolutionNode = FALSE
	EndGlobalSection
	GlobalSection(NestedProjects) = preSolution
		{BCD8AE47-5904-47EB-AA02-AB950431D578} = {C27FE744-FE4A-40FA-8D3E-3F580229D6E3}
		{E34E07A4-CE60-4373-B9FE-EBD26EE1085F} = {C27FE744-FE4A-40FA-8D3E-3F580229D6E3}
		{25CCD4F2-39F4-4234-AC70-96AA94E5A81E} = {C27FE744-FE4A-40FA-8D3E-3F580229D6E3}
		{EBDDEAC1-D527-41D8-BF39-0DBE5DC78FA0} = {C27FE744-FE4A-40FA-8D3E-3F580229D6E3}
		{BCE47AA0-F4C0-43E4-92F7-6D3414B6D78A} = {C27FE744-FE4A-40FA-8D3E-3F580229D6E3}
		{AE51780B-FBFC-42F4-9EC0-1CB8DCFDCFCF} = {CE28526F-250A-407C-8735-0544346C8BA1}
		{E2EDDD40-C668-42C2-8581-4F03D83B2204} = {CE28526F-250A-407C-8735-0544346C8BA1}
	EndGlobalSection
	GlobalSection(ExtensibilityGlobals) = postSolution
		SolutionGuid = {D092E476-2BB0-4D98-A662-64F0625E16C8}
	EndGlobalSection
EndGlobal
